
Microsoft Visual Studio Solution File, Format Version 12.00
# Visual Studio 14
VisualStudioVersion = 14.0.25420.1
MinimumVisualStudioVersion = 10.0.40219.1
Project("{FAE04EC0-301F-11D3-BF4B-00C04F79EFBC}") = "Domain", "Domain\Domain.csproj", "{4E09D41A-BFC5-48CE-BBD7-B6EA3E4BF923}"
EndProject
Project("{FAE04EC0-301F-11D3-BF4B-00C04F79EFBC}") = "Repository", "Repository\Repository.csproj", "{67FCC9C6-86DB-4C4C-8B31-4721D629F763}"
EndProject
Project("{FAE04EC0-301F-11D3-BF4B-00C04F79EFBC}") = "Service", "Service\Service.csproj", "{200DCA02-2AE2-4C40-99ED-DE5C1779480E}"
EndProject
Project("{2150E333-8FDC-42A3-9474-1A3956D46DE8}") = "Soluton Items", "Soluton Items", "{70D170EE-9AE8-4A78-ABCB-34852B27D7F7}"
	ProjectSection(SolutionItems) = preProject
		Settings.StyleCop = Settings.StyleCop
	EndProjectSection
EndProject
Project("{FAE04EC0-301F-11D3-BF4B-00C04F79EFBC}") = "Factory", "Factory\Factory.csproj", "{464648DE-D674-4B9F-9BFC-B47F6D96CE50}"
EndProject
Project("{FAE04EC0-301F-11D3-BF4B-00C04F79EFBC}") = "Singleton", "Singleton\Singleton.csproj", "{97DF64F5-B214-41BD-B02A-81692D2B9BB2}"
EndProject
Project("{FAE04EC0-301F-11D3-BF4B-00C04F79EFBC}") = "Decorator", "Decorator\Decorator.csproj", "{24F7F9D6-4817-48C9-A286-A9FEBB51803F}"
EndProject
Project("{FAE04EC0-301F-11D3-BF4B-00C04F79EFBC}") = "Template", "Template\Template.csproj", "{55CC537A-86A5-4AA6-BB2C-2B080309D595}"
EndProject
Project("{FAE04EC0-301F-11D3-BF4B-00C04F79EFBC}") = "ChainOfResponsibility", "ChainOfResponsability\ChainOfResponsibility.csproj", "{824898DA-3EF9-42D2-B775-B4F42749735D}"
EndProject
Project("{FAE04EC0-301F-11D3-BF4B-00C04F79EFBC}") = "Composite", "Composite\Composite.csproj", "{9A908A65-2119-474F-ABAD-8ED7BF8222CA}"
EndProject
Global
	GlobalSection(SolutionConfigurationPlatforms) = preSolution
		Debug|Any CPU = Debug|Any CPU
		Release|Any CPU = Release|Any CPU
	EndGlobalSection
	GlobalSection(ProjectConfigurationPlatforms) = postSolution
		{4E09D41A-BFC5-48CE-BBD7-B6EA3E4BF923}.Debug|Any CPU.ActiveCfg = Debug|Any CPU
		{4E09D41A-BFC5-48CE-BBD7-B6EA3E4BF923}.Debug|Any CPU.Build.0 = Debug|Any CPU
		{4E09D41A-BFC5-48CE-BBD7-B6EA3E4BF923}.Release|Any CPU.ActiveCfg = Release|Any CPU
		{4E09D41A-BFC5-48CE-BBD7-B6EA3E4BF923}.Release|Any CPU.Build.0 = Release|Any CPU
		{67FCC9C6-86DB-4C4C-8B31-4721D629F763}.Debug|Any CPU.ActiveCfg = Debug|Any CPU
		{67FCC9C6-86DB-4C4C-8B31-4721D629F763}.Debug|Any CPU.Build.0 = Debug|Any CPU
		{67FCC9C6-86DB-4C4C-8B31-4721D629F763}.Release|Any CPU.ActiveCfg = Release|Any CPU
		{67FCC9C6-86DB-4C4C-8B31-4721D629F763}.Release|Any CPU.Build.0 = Release|Any CPU
		{200DCA02-2AE2-4C40-99ED-DE5C1779480E}.Debug|Any CPU.ActiveCfg = Debug|Any CPU
		{200DCA02-2AE2-4C40-99ED-DE5C1779480E}.Debug|Any CPU.Build.0 = Debug|Any CPU
		{200DCA02-2AE2-4C40-99ED-DE5C1779480E}.Release|Any CPU.ActiveCfg = Release|Any CPU
		{200DCA02-2AE2-4C40-99ED-DE5C1779480E}.Release|Any CPU.Build.0 = Release|Any CPU
		{464648DE-D674-4B9F-9BFC-B47F6D96CE50}.Debug|Any CPU.ActiveCfg = Debug|Any CPU
		{464648DE-D674-4B9F-9BFC-B47F6D96CE50}.Debug|Any CPU.Build.0 = Debug|Any CPU
		{464648DE-D674-4B9F-9BFC-B47F6D96CE50}.Release|Any CPU.ActiveCfg = Release|Any CPU
		{464648DE-D674-4B9F-9BFC-B47F6D96CE50}.Release|Any CPU.Build.0 = Release|Any CPU
		{97DF64F5-B214-41BD-B02A-81692D2B9BB2}.Debug|Any CPU.ActiveCfg = Debug|Any CPU
		{97DF64F5-B214-41BD-B02A-81692D2B9BB2}.Debug|Any CPU.Build.0 = Debug|Any CPU
		{97DF64F5-B214-41BD-B02A-81692D2B9BB2}.Release|Any CPU.ActiveCfg = Release|Any CPU
		{97DF64F5-B214-41BD-B02A-81692D2B9BB2}.Release|Any CPU.Build.0 = Release|Any CPU
		{24F7F9D6-4817-48C9-A286-A9FEBB51803F}.Debug|Any CPU.ActiveCfg = Debug|Any CPU
		{24F7F9D6-4817-48C9-A286-A9FEBB51803F}.Debug|Any CPU.Build.0 = Debug|Any CPU
		{24F7F9D6-4817-48C9-A286-A9FEBB51803F}.Release|Any CPU.ActiveCfg = Release|Any CPU
		{24F7F9D6-4817-48C9-A286-A9FEBB51803F}.Release|Any CPU.Build.0 = Release|Any CPU
		{55CC537A-86A5-4AA6-BB2C-2B080309D595}.Debug|Any CPU.ActiveCfg = Debug|Any CPU
		{55CC537A-86A5-4AA6-BB2C-2B080309D595}.Debug|Any CPU.Build.0 = Debug|Any CPU
		{55CC537A-86A5-4AA6-BB2C-2B080309D595}.Release|Any CPU.ActiveCfg = Release|Any CPU
		{55CC537A-86A5-4AA6-BB2C-2B080309D595}.Release|Any CPU.Build.0 = Release|Any CPU
		{824898DA-3EF9-42D2-B775-B4F42749735D}.Debug|Any CPU.ActiveCfg = Debug|Any CPU
		{824898DA-3EF9-42D2-B775-B4F42749735D}.Debug|Any CPU.Build.0 = Debug|Any CPU
		{824898DA-3EF9-42D2-B775-B4F42749735D}.Release|Any CPU.ActiveCfg = Release|Any CPU
		{824898DA-3EF9-42D2-B775-B4F42749735D}.Release|Any CPU.Build.0 = Release|Any CPU
		{9A908A65-2119-474F-ABAD-8ED7BF8222CA}.Debug|Any CPU.ActiveCfg = Debug|Any CPU
		{9A908A65-2119-474F-ABAD-8ED7BF8222CA}.Debug|Any CPU.Build.0 = Debug|Any CPU
		{9A908A65-2119-474F-ABAD-8ED7BF8222CA}.Release|Any CPU.ActiveCfg = Release|Any CPU
		{9A908A65-2119-474F-ABAD-8ED7BF8222CA}.Release|Any CPU.Build.0 = Release|Any CPU
	EndGlobalSection
	GlobalSection(SolutionProperties) = preSolution
		HideSolutionNode = FALSE
	EndGlobalSection
EndGlobal
